
Microsoft Visual Studio Solution File, Format Version 12.00
# Visual Studio Version 17
VisualStudioVersion = 17.14.36623.8
MinimumVisualStudioVersion = 10.0.40219.1
Project("{FAE04EC0-301F-11D3-BF4B-00C04F79EFBC}") = "Composition.WindowsRuntimeHelpers", "Composition.WindowsRuntimeHelpers\Composition.WindowsRuntimeHelpers.csproj", "{268E5848-2E9A-1029-CA65-96668B6FE352}"
EndProject
Project("{FAE04EC0-301F-11D3-BF4B-00C04F79EFBC}") = "CaptureSampleCore", "CaptureSampleCore\CaptureSampleCore.csproj", "{0264708F-E156-A55B-0550-A4C6EC72C17F}"
EndProject
Project("{FAE04EC0-301F-11D3-BF4B-00C04F79EFBC}") = "ScreenCapture", "ScreenCapture\ScreenCapture.csproj", "{A0144646-E383-CCDE-E8F8-F7FBC1DD88E3}"
EndProject
Global
	GlobalSection(SolutionConfigurationPlatforms) = preSolution
		Debug|Any CPU = Debug|Any CPU
		Release|Any CPU = Release|Any CPU
	EndGlobalSection
	GlobalSection(ProjectConfigurationPlatforms) = postSolution
		{268E5848-2E9A-1029-CA65-96668B6FE352}.Debug|Any CPU.ActiveCfg = Debug|Any CPU
		{268E5848-2E9A-1029-CA65-96668B6FE352}.Debug|Any CPU.Build.0 = Debug|Any CPU
		{268E5848-2E9A-1029-CA65-96668B6FE352}.Release|Any CPU.ActiveCfg = Release|Any CPU
		{268E5848-2E9A-1029-CA65-96668B6FE352}.Release|Any CPU.Build.0 = Release|Any CPU
		{0264708F-E156-A55B-0550-A4C6EC72C17F}.Debug|Any CPU.ActiveCfg = Debug|Any CPU
		{0264708F-E156-A55B-0550-A4C6EC72C17F}.Debug|Any CPU.Build.0 = Debug|Any CPU
		{0264708F-E156-A55B-0550-A4C6EC72C17F}.Release|Any CPU.ActiveCfg = Release|Any CPU
		{0264708F-E156-A55B-0550-A4C6EC72C17F}.Release|Any CPU.Build.0 = Release|Any CPU
		{A0144646-E383-CCDE-E8F8-F7FBC1DD88E3}.Debug|Any CPU.ActiveCfg = Debug|Any CPU
		{A0144646-E383-CCDE-E8F8-F7FBC1DD88E3}.Debug|Any CPU.Build.0 = Debug|Any CPU
		{A0144646-E383-CCDE-E8F8-F7FBC1DD88E3}.Release|Any CPU.ActiveCfg = Release|Any CPU
		{A0144646-E383-CCDE-E8F8-F7FBC1DD88E3}.Release|Any CPU.Build.0 = Release|Any CPU
	EndGlobalSection
	GlobalSection(SolutionProperties) = preSolution
		HideSolutionNode = FALSE
	EndGlobalSection
	GlobalSection(ExtensibilityGlobals) = postSolution
		SolutionGuid = {2EBE8D8A-1C43-4C9B-BD8D-CBB938E8F1FE}
	EndGlobalSection
EndGlobal
